{
  "name": "thesis_control",
  "version": "1.0.0",
  "lockfileVersion": 1,
  "requires": true,
  "dependencies": {
    "chosen": {
      "version": "0.0.2",
      "resolved": "https://registry.npmjs.org/chosen/-/chosen-0.0.2.tgz",
      "integrity": "sha1-IXcBZo/7O8JvHYCkzwMA2yrWZ5Q="
    },
    "sweetalert2": {
      "version": "8.16.3",
      "resolved": "https://registry.npmjs.org/sweetalert2/-/sweetalert2-8.16.3.tgz",
      "integrity": "sha512-GfnVLht6OJGUcKnrIILaMbjhn2LvFDIG2MchUviWTa0vJCZoX9cfjWyZsOrOh+g/jRN/+D6V8UXXZJ6rRcN82w=="
    }
  }
}
