{
  "name": "thesis_control",
  "version": "1.0.0",
  "lockfileVersion": 1,
  "requires": true,
  "dependencies": {
    "sweetalert2": {
      "version": "8.16.2",
      "resolved": "https://registry.npmjs.org/sweetalert2/-/sweetalert2-8.16.2.tgz",
      "integrity": "sha512-x0QMDnRbxETUi28Aiv/ucLCvLKc/vzE03wIqzJ0c6wy2xINJ+tFht3vZ+5QLZAiLHRoA0uPO54oq4+hSqUVHzw=="
    }
  }
}
